
Microsoft Visual Studio Solution File, Format Version 12.00
# Visual Studio Version 17
VisualStudioVersion = 17.7.34202.233
MinimumVisualStudioVersion = 10.0.40219.1
Project("{FAE04EC0-301F-11D3-BF4B-00C04F79EFBC}") = "ExpenseTracker", "ExpenseTracker\ExpenseTracker.csproj", "{F6B2D726-E679-4AC0-AA5D-D29FDA44E78F}"
EndProject
Project("{FAE04EC0-301F-11D3-BF4B-00C04F79EFBC}") = "Models", "Models\Models.csproj", "{BE25F8ED-4448-40B9-8590-591E8FEE59A2}"
EndProject
Project("{FAE04EC0-301F-11D3-BF4B-00C04F79EFBC}") = "Services", "Services\Services.csproj", "{3BB3AC8B-E65B-4FD2-BB1A-F95CE6B20E7F}"
EndProject
Global
	GlobalSection(SolutionConfigurationPlatforms) = preSolution
		Debug|Any CPU = Debug|Any CPU
		Release|Any CPU = Release|Any CPU
	EndGlobalSection
	GlobalSection(ProjectConfigurationPlatforms) = postSolution
		{F6B2D726-E679-4AC0-AA5D-D29FDA44E78F}.Debug|Any CPU.ActiveCfg = Debug|Any CPU
		{F6B2D726-E679-4AC0-AA5D-D29FDA44E78F}.Debug|Any CPU.Build.0 = Debug|Any CPU
		{F6B2D726-E679-4AC0-AA5D-D29FDA44E78F}.Release|Any CPU.ActiveCfg = Release|Any CPU
		{F6B2D726-E679-4AC0-AA5D-D29FDA44E78F}.Release|Any CPU.Build.0 = Release|Any CPU
		{BE25F8ED-4448-40B9-8590-591E8FEE59A2}.Debug|Any CPU.ActiveCfg = Debug|Any CPU
		{BE25F8ED-4448-40B9-8590-591E8FEE59A2}.Debug|Any CPU.Build.0 = Debug|Any CPU
		{BE25F8ED-4448-40B9-8590-591E8FEE59A2}.Release|Any CPU.ActiveCfg = Release|Any CPU
		{BE25F8ED-4448-40B9-8590-591E8FEE59A2}.Release|Any CPU.Build.0 = Release|Any CPU
		{3BB3AC8B-E65B-4FD2-BB1A-F95CE6B20E7F}.Debug|Any CPU.ActiveCfg = Debug|Any CPU
		{3BB3AC8B-E65B-4FD2-BB1A-F95CE6B20E7F}.Debug|Any CPU.Build.0 = Debug|Any CPU
		{3BB3AC8B-E65B-4FD2-BB1A-F95CE6B20E7F}.Release|Any CPU.ActiveCfg = Release|Any CPU
		{3BB3AC8B-E65B-4FD2-BB1A-F95CE6B20E7F}.Release|Any CPU.Build.0 = Release|Any CPU
	EndGlobalSection
	GlobalSection(SolutionProperties) = preSolution
		HideSolutionNode = FALSE
	EndGlobalSection
	GlobalSection(ExtensibilityGlobals) = postSolution
		SolutionGuid = {C3A87061-03FE-4548-8013-8087F4CCE323}
	EndGlobalSection
EndGlobal
